
Microsoft Visual Studio Solution File, Format Version 12.00
# Visual Studio 2012
Project("{FAE04EC0-301F-11D3-BF4B-00C04F79EFBC}") = "BOWP8app", "BOWP8app\BOWP8app.csproj", "{AA8CDE08-8A55-4811-A6D9-9A7D1337A1B4}"
EndProject
Project("{FAE04EC0-301F-11D3-BF4B-00C04F79EFBC}") = "ViewModels", "ViewModels\ViewModels.csproj", "{E83CE6DD-9A7D-4419-BAA8-46626D89CC30}"
EndProject
Project("{2150E333-8FDC-42A3-9474-1A3956D46DE8}") = ".nuget", ".nuget", "{048F43C7-C6CF-495E-8410-63B0133DC336}"
	ProjectSection(SolutionItems) = preProject
		.nuget\NuGet.Config = .nuget\NuGet.Config
		.nuget\NuGet.exe = .nuget\NuGet.exe
		.nuget\NuGet.targets = .nuget\NuGet.targets
	EndProjectSection
EndProject
Global
	GlobalSection(SolutionConfigurationPlatforms) = preSolution
		Debug|Any CPU = Debug|Any CPU
		Release|Any CPU = Release|Any CPU
	EndGlobalSection
	GlobalSection(ProjectConfigurationPlatforms) = postSolution
		{AA8CDE08-8A55-4811-A6D9-9A7D1337A1B4}.Debug|Any CPU.ActiveCfg = Debug|Any CPU
		{AA8CDE08-8A55-4811-A6D9-9A7D1337A1B4}.Debug|Any CPU.Build.0 = Debug|Any CPU
		{AA8CDE08-8A55-4811-A6D9-9A7D1337A1B4}.Debug|Any CPU.Deploy.0 = Debug|Any CPU
		{AA8CDE08-8A55-4811-A6D9-9A7D1337A1B4}.Release|Any CPU.ActiveCfg = Release|Any CPU
		{AA8CDE08-8A55-4811-A6D9-9A7D1337A1B4}.Release|Any CPU.Build.0 = Release|Any CPU
		{AA8CDE08-8A55-4811-A6D9-9A7D1337A1B4}.Release|Any CPU.Deploy.0 = Release|Any CPU
		{E83CE6DD-9A7D-4419-BAA8-46626D89CC30}.Debug|Any CPU.ActiveCfg = Debug|Any CPU
		{E83CE6DD-9A7D-4419-BAA8-46626D89CC30}.Debug|Any CPU.Build.0 = Debug|Any CPU
		{E83CE6DD-9A7D-4419-BAA8-46626D89CC30}.Release|Any CPU.ActiveCfg = Release|Any CPU
		{E83CE6DD-9A7D-4419-BAA8-46626D89CC30}.Release|Any CPU.Build.0 = Release|Any CPU
	EndGlobalSection
	GlobalSection(SolutionProperties) = preSolution
		HideSolutionNode = FALSE
	EndGlobalSection
EndGlobal
